
Microsoft Visual Studio Solution File, Format Version 12.00
# Visual Studio Version 17
VisualStudioVersion = 17.14.36429.23
MinimumVisualStudioVersion = 10.0.40219.1
Project("{2150E333-8FDC-42A3-9474-1A3956D46DE8}") = "src", "src", "{36D591C7-65C7-A0D1-1CBC-10CDE441BDC8}"
EndProject
Project("{2150E333-8FDC-42A3-9474-1A3956D46DE8}") = "API", "API", "{3946483D-30BC-4347-AE3A-18CE465E6E4B}"
EndProject
Project("{2150E333-8FDC-42A3-9474-1A3956D46DE8}") = "Data", "Data", "{69C091B2-AF21-4C1C-8E5D-D91065A96676}"
EndProject
Project("{FAE04EC0-301F-11D3-BF4B-00C04F79EFBC}") = "SmartAppt.API", "src\API\SmartAppt.API\SmartAppt.API.csproj", "{B41119CD-FF59-4849-AFF9-F6AF77638203}"
EndProject
Project("{FAE04EC0-301F-11D3-BF4B-00C04F79EFBC}") = "Data.SmartAppt.SQL", "src\Data\Data.SmartAppt.SQL\Data.SmartAppt.SQL.csproj", "{A1327051-5B3C-46B4-8269-4EDA215107F7}"
EndProject
Project("{2150E333-8FDC-42A3-9474-1A3956D46DE8}") = "Business", "Business", "{5ACD571B-0413-4FC6-A793-A9FD66404335}"
EndProject
Project("{FAE04EC0-301F-11D3-BF4B-00C04F79EFBC}") = "Business.SmartAppt", "src\Business\Business.SmartAppt\Business.SmartAppt.csproj", "{7ECD4962-1C45-4077-9BAB-45286CF634AF}"
EndProject
Project("{2150E333-8FDC-42A3-9474-1A3956D46DE8}") = "Common", "Common", "{88E3B590-D365-4FB9-ADB0-5551AA270AD6}"
EndProject
Project("{FAE04EC0-301F-11D3-BF4B-00C04F79EFBC}") = "Common", "src\Common\Common\Common.csproj", "{E418AA0E-81E1-4AA7-B5EF-3AAE20B436D5}"
EndProject
Global
	GlobalSection(SolutionConfigurationPlatforms) = preSolution
		Debug|Any CPU = Debug|Any CPU
		Release|Any CPU = Release|Any CPU
	EndGlobalSection
	GlobalSection(ProjectConfigurationPlatforms) = postSolution
		{B41119CD-FF59-4849-AFF9-F6AF77638203}.Debug|Any CPU.ActiveCfg = Debug|Any CPU
		{B41119CD-FF59-4849-AFF9-F6AF77638203}.Debug|Any CPU.Build.0 = Debug|Any CPU
		{B41119CD-FF59-4849-AFF9-F6AF77638203}.Release|Any CPU.ActiveCfg = Release|Any CPU
		{B41119CD-FF59-4849-AFF9-F6AF77638203}.Release|Any CPU.Build.0 = Release|Any CPU
		{A1327051-5B3C-46B4-8269-4EDA215107F7}.Debug|Any CPU.ActiveCfg = Debug|Any CPU
		{A1327051-5B3C-46B4-8269-4EDA215107F7}.Debug|Any CPU.Build.0 = Debug|Any CPU
		{A1327051-5B3C-46B4-8269-4EDA215107F7}.Release|Any CPU.ActiveCfg = Release|Any CPU
		{A1327051-5B3C-46B4-8269-4EDA215107F7}.Release|Any CPU.Build.0 = Release|Any CPU
		{7ECD4962-1C45-4077-9BAB-45286CF634AF}.Debug|Any CPU.ActiveCfg = Debug|Any CPU
		{7ECD4962-1C45-4077-9BAB-45286CF634AF}.Debug|Any CPU.Build.0 = Debug|Any CPU
		{7ECD4962-1C45-4077-9BAB-45286CF634AF}.Release|Any CPU.ActiveCfg = Release|Any CPU
		{7ECD4962-1C45-4077-9BAB-45286CF634AF}.Release|Any CPU.Build.0 = Release|Any CPU
		{E418AA0E-81E1-4AA7-B5EF-3AAE20B436D5}.Debug|Any CPU.ActiveCfg = Debug|Any CPU
		{E418AA0E-81E1-4AA7-B5EF-3AAE20B436D5}.Debug|Any CPU.Build.0 = Debug|Any CPU
		{E418AA0E-81E1-4AA7-B5EF-3AAE20B436D5}.Release|Any CPU.ActiveCfg = Release|Any CPU
		{E418AA0E-81E1-4AA7-B5EF-3AAE20B436D5}.Release|Any CPU.Build.0 = Release|Any CPU
	EndGlobalSection
	GlobalSection(SolutionProperties) = preSolution
		HideSolutionNode = FALSE
	EndGlobalSection
	GlobalSection(NestedProjects) = preSolution
		{3946483D-30BC-4347-AE3A-18CE465E6E4B} = {36D591C7-65C7-A0D1-1CBC-10CDE441BDC8}
		{69C091B2-AF21-4C1C-8E5D-D91065A96676} = {36D591C7-65C7-A0D1-1CBC-10CDE441BDC8}
		{B41119CD-FF59-4849-AFF9-F6AF77638203} = {3946483D-30BC-4347-AE3A-18CE465E6E4B}
		{A1327051-5B3C-46B4-8269-4EDA215107F7} = {69C091B2-AF21-4C1C-8E5D-D91065A96676}
		{5ACD571B-0413-4FC6-A793-A9FD66404335} = {36D591C7-65C7-A0D1-1CBC-10CDE441BDC8}
		{7ECD4962-1C45-4077-9BAB-45286CF634AF} = {5ACD571B-0413-4FC6-A793-A9FD66404335}
		{88E3B590-D365-4FB9-ADB0-5551AA270AD6} = {36D591C7-65C7-A0D1-1CBC-10CDE441BDC8}
		{E418AA0E-81E1-4AA7-B5EF-3AAE20B436D5} = {88E3B590-D365-4FB9-ADB0-5551AA270AD6}
	EndGlobalSection
	GlobalSection(ExtensibilityGlobals) = postSolution
		SolutionGuid = {DE31B76A-7398-4D89-ADFA-75399007C954}
	EndGlobalSection
EndGlobal
